PODS:
  - AFNetworking (2.2.4):
    - AFNetworking/NSURLConnection (= 2.2.4)
    - AFNetworking/NSURLSession (= 2.2.4)
    - AFNetworking/Reachability (= 2.2.4)
    - AFNetworking/Security (= 2.2.4)
    - AFNetworking/Serialization (= 2.2.4)
    - AFNetworking/UIKit (= 2.2.4)
  - AFNetworking/NSURLConnection (2.2.4):
    - AFNetworking/Reachability
    - AFNetworking/Security
    - AFNetworking/Serialization
  - AFNetworking/NSURLSession (2.2.4):
    - AFNetworking/NSURLConnection
  - AFNetworking/Reachability (2.2.4)
  - AFNetworking/Security (2.2.4)
  - AFNetworking/Serialization (2.2.4)
  - AFNetworking/UIKit (2.2.4):
    - AFNetworking/NSURLConnection
    - AFNetworking/NSURLSession
  - Reachability (3.1.1)
  - SSAppURLs (0.0.7)
  - ZipArchive (1.2.0)

DEPENDENCIES:
  - AFNetworking (~> 2.2.3)
  - Reachability (~> 3.1.1)
  - SSAppURLs (~> 0.0.7)
  - ZipArchive (~> 1.2.0)

SPEC CHECKSUMS:
  AFNetworking: ab63e259fe91eef4519b371ef0a4955af0e73e64
  Reachability: 8e9635e3cb4f98e7f825e51147f677ecc694d0e7
  SSAppURLs: 03feb6b74643e8b2a3905f82eaa44654c73f3796
  ZipArchive: 1753357f3081f87ab5776d4c4ff25f7ddefd2fd1

COCOAPODS: 0.35.0
